<?xml version="1.0" encoding="utf-8"?>
<Project ToolsVersion="4.0" xmlns="http://schemas.microsoft.com/developer/msbuild/2003">
  <ItemGroup>
    <Filter Include="Source Files">
      <UniqueIdentifier>{4FC737F1-C7A5-4376-A066-2A32D752A2FF}</UniqueIdentifier>
      <Extensions>cpp;c;cc;cxx;def;odl;idl;hpj;bat;asm;asmx</Extensions>
    </Filter>
    <Filter Include="Header Files">
      <UniqueIdentifier>{93995380-89BD-4b04-88EB-625FBE52EBFB}</UniqueIdentifier>
      <Extensions>h;hh;hpp;hxx;hm;inl;inc;ipp;xsd</Extensions>
    </Filter>
    <Filter Include="Resource Files">
      <UniqueIdentifier>{67DA6AB6-F800-4c08-8B7A-83BB121AAD01}</UniqueIdentifier>
      <Extensions>rc;ico;cur;bmp;dlg;rc2;rct;bin;rgs;gif;jpg;jpeg;jpe;resx;tiff;tif;png;wav;mfcribbon-ms</Extensions>
    </Filter>
  </ItemGroup>
  <ItemGroup>
    <ClInclude Include="stdafx.h">
      <Filter>Header Files</Filter>
    </ClInclude>
    <ClInclude Include="targetver.h">
      <Filter>Header Files</Filter>
    </ClInclude>
    <ClInclude Include="Orbit\Interfaces\IGetLoginDetailsListener.hpp">
      <Filter>Header Files</Filter>
    </ClInclude>
    <ClInclude Include="Orbit\Interfaces\IGetSavegameListListener.hpp">
      <Filter>Header Files</Filter>
    </ClInclude>
    <ClInclude Include="Orbit\Interfaces\IGetSavegameReaderListener.hpp">
      <Filter>Header Files</Filter>
    </ClInclude>
    <ClInclude Include="Orbit\Interfaces\IGetSavegameWriterListener.hpp">
      <Filter>Header Files</Filter>
    </ClInclude>
    <ClInclude Include="Orbit\Interfaces\IRemoveSavegameListener.hpp">
      <Filter>Header Files</Filter>
    </ClInclude>
    <ClInclude Include="Orbit\Interfaces\ISavegameReadListener.hpp">
      <Filter>Header Files</Filter>
    </ClInclude>
    <ClInclude Include="Orbit\Interfaces\ISavegameWriteListener.hpp">
      <Filter>Header Files</Filter>
    </ClInclude>
    <ClInclude Include="Orbit\OrbitClient.hpp">
      <Filter>Header Files</Filter>
    </ClInclude>
    <ClInclude Include="Orbit\SavegameInfo.hpp">
      <Filter>Header Files</Filter>
    </ClInclude>
    <ClInclude Include="Orbit\SavegameReader.hpp">
      <Filter>Header Files</Filter>
    </ClInclude>
    <ClInclude Include="Orbit\SavegameWriter.hpp">
      <Filter>Header Files</Filter>
    </ClInclude>
    <ClInclude Include="Consts.hpp">
      <Filter>Header Files</Filter>
    </ClInclude>
    <ClInclude Include="OrbitConfigSingleton.hpp">
      <Filter>Header Files</Filter>
    </ClInclude>
    <ClInclude Include="OrbitMetaDataStorageSingleton.hpp">
      <Filter>Header Files</Filter>
    </ClInclude>
    <ClInclude Include="JsonObjects\Generators.hpp">
      <Filter>Header Files</Filter>
    </ClInclude>
    <ClInclude Include="JsonObjects\helper.hpp">
      <Filter>Header Files</Filter>
    </ClInclude>
    <ClInclude Include="JsonObjects\Orbit.hpp">
      <Filter>Header Files</Filter>
    </ClInclude>
    <ClInclude Include="JsonObjects\OrbitConfig.hpp">
      <Filter>Header Files</Filter>
    </ClInclude>
    <ClInclude Include="JsonObjects\OrbitSaveMetaDataStorage.hpp">
      <Filter>Header Files</Filter>
    </ClInclude>
    <ClInclude Include="JsonObjects\Profile.hpp">
      <Filter>Header Files</Filter>
    </ClInclude>
    <ClInclude Include="JsonObjects\Generators.hpp">
      <Filter>Header Files</Filter>
    </ClInclude>
    <ClInclude Include="JsonObjects\helper.hpp">
      <Filter>Header Files</Filter>
    </ClInclude>
    <ClInclude Include="JsonObjects\Orbit.hpp">
      <Filter>Header Files</Filter>
    </ClInclude>
    <ClInclude Include="JsonObjects\OrbitConfig.hpp">
      <Filter>Header Files</Filter>
    </ClInclude>
    <ClInclude Include="JsonObjects\OrbitSaveMetaDataStorage.hpp">
      <Filter>Header Files</Filter>
    </ClInclude>
    <ClInclude Include="JsonObjects\Profile.hpp">
      <Filter>Header Files</Filter>
    </ClInclude>
<<<<<<< HEAD
    <ClInclude Include="OrbitConfigHolder.hpp">
      <Filter>Header Files</Filter>
    </ClInclude>
    <ClInclude Include="OrbitMetaDataStorageHolder.hpp">
      <Filter>Header Files</Filter>
    </ClInclude>
=======
>>>>>>> db906bf8a0951915dfc06b52d7c0f80328ae82c8
  </ItemGroup>
  <ItemGroup>
    <ClCompile Include="stdafx.cpp">
      <Filter>Source Files</Filter>
    </ClCompile>
    <ClCompile Include="Ubiorbitapi_r2_loader.cpp">
      <Filter>Source Files</Filter>
    </ClCompile>
    <ClCompile Include="dllmain.cpp">
      <Filter>Source Files</Filter>
    </ClCompile>
  </ItemGroup>
  <ItemGroup>
    <None Include="Orbit.json" />
  </ItemGroup>
</Project>